// !$*UTF8*$!
{
	archiveVersion = 1;
	classes = {
	};
	objectVersion = 56;
	objects = {

/* Begin PBXBuildFile section */
		360A4BAD2BDF5D8900E0544A /* EditProfileView.swift in Sources */ = {isa = PBXBuildFile; fileRef = 360A4BAC2BDF5D8900E0544A /* EditProfileView.swift */; };
		362955372BD0A5BF00CA8D7B /* MainTabView.swift in Sources */ = {isa = PBXBuildFile; fileRef = 362955362BD0A5BF00CA8D7B /* MainTabView.swift */; };
		36359D912BE1FE350060C464 /* PostView.swift in Sources */ = {isa = PBXBuildFile; fileRef = 36359D902BE1FE350060C464 /* PostView.swift */; };
		363D17D72BCFA825009EDA4D /* Post.swift in Sources */ = {isa = PBXBuildFile; fileRef = 363D17D62BCFA825009EDA4D /* Post.swift */; };
		3677E9032BE0CECB00C79A15 /* HomeViewModel.swift in Sources */ = {isa = PBXBuildFile; fileRef = 3677E9022BE0CECB00C79A15 /* HomeViewModel.swift */; };
		367FBD5B2BD83029007D1303 /* LoginViewModel.swift in Sources */ = {isa = PBXBuildFile; fileRef = 367FBD5A2BD83029007D1303 /* LoginViewModel.swift */; };
		367FBD5D2BDA27F7007D1303 /* AddEmailView.swift in Sources */ = {isa = PBXBuildFile; fileRef = 367FBD5C2BDA27F7007D1303 /* AddEmailView.swift */; };
		367FBD5F2BDA2EB1007D1303 /* TextFieldModifier.swift in Sources */ = {isa = PBXBuildFile; fileRef = 367FBD5E2BDA2EB1007D1303 /* TextFieldModifier.swift */; };
		367FBD612BDA30A0007D1303 /* CreateUsernameView.swift in Sources */ = {isa = PBXBuildFile; fileRef = 367FBD602BDA30A0007D1303 /* CreateUsernameView.swift */; };
		367FBD632BDA36C1007D1303 /* CreatePasswordView.swift in Sources */ = {isa = PBXBuildFile; fileRef = 367FBD622BDA36C1007D1303 /* CreatePasswordView.swift */; };
		367FBD652BDA3809007D1303 /* CompleteSignUpView.swift in Sources */ = {isa = PBXBuildFile; fileRef = 367FBD642BDA3809007D1303 /* CompleteSignUpView.swift */; };
		368549D42BE057A5000D9A6B /* ImageUploader.swift in Sources */ = {isa = PBXBuildFile; fileRef = 368549D32BE057A5000D9A6B /* ImageUploader.swift */; };
		368549D72BE05F92000D9A6B /* Kingfisher in Frameworks */ = {isa = PBXBuildFile; productRef = 368549D62BE05F92000D9A6B /* Kingfisher */; };
		368549D92BE0600F000D9A6B /* CircularProfileImageView.swift in Sources */ = {isa = PBXBuildFile; fileRef = 368549D82BE0600F000D9A6B /* CircularProfileImageView.swift */; };
		368549DD2BE091DD000D9A6B /* EditProfileViewModel.swift in Sources */ = {isa = PBXBuildFile; fileRef = 368549DC2BE091DD000D9A6B /* EditProfileViewModel.swift */; };
		369486A02BDD5DD900010592 /* HomeCell.swift in Sources */ = {isa = PBXBuildFile; fileRef = 3694869F2BDD5DD900010592 /* HomeCell.swift */; };
		369486A22BDD5DF900010592 /* HomeView.swift in Sources */ = {isa = PBXBuildFile; fileRef = 369486A12BDD5DF900010592 /* HomeView.swift */; };
		369486A42BDD6A3B00010592 /* ProfileHeaderView.swift in Sources */ = {isa = PBXBuildFile; fileRef = 369486A32BDD6A3B00010592 /* ProfileHeaderView.swift */; };
		369528302BD0E105001D2AAB /* UploadPostView.swift in Sources */ = {isa = PBXBuildFile; fileRef = 3695282F2BD0E105001D2AAB /* UploadPostView.swift */; };
		369528322BD0E82F001D2AAB /* UploadPostViewModel.swift in Sources */ = {isa = PBXBuildFile; fileRef = 369528312BD0E82F001D2AAB /* UploadPostViewModel.swift */; };
		36B2C7662BD75089003E97B3 /* AuthService.swift in Sources */ = {isa = PBXBuildFile; fileRef = 36B2C7652BD75089003E97B3 /* AuthService.swift */; };
		36B2C7682BD750BA003E97B3 /* LoginView.swift in Sources */ = {isa = PBXBuildFile; fileRef = 36B2C7672BD750BA003E97B3 /* LoginView.swift */; };
		36B2C76C2BD75105003E97B3 /* SplashScreen.swift in Sources */ = {isa = PBXBuildFile; fileRef = 36B2C76B2BD75105003E97B3 /* SplashScreen.swift */; };
		36B2C76E2BD75148003E97B3 /* RegistrationViewModel.swift in Sources */ = {isa = PBXBuildFile; fileRef = 36B2C76D2BD75148003E97B3 /* RegistrationViewModel.swift */; };
		36B2C7732BD7532D003E97B3 /* ContentView.swift in Sources */ = {isa = PBXBuildFile; fileRef = 36B2C7722BD7532D003E97B3 /* ContentView.swift */; };
		36B2C7752BD75341003E97B3 /* ContentViewModel.swift in Sources */ = {isa = PBXBuildFile; fileRef = 36B2C7742BD75341003E97B3 /* ContentViewModel.swift */; };
		36B2C7782BD78971003E97B3 /* User.swift in Sources */ = {isa = PBXBuildFile; fileRef = 36B2C7772BD78971003E97B3 /* User.swift */; };
		36B655FC2BEBDEEE00A53104 /* HomeCellViewModel.swift in Sources */ = {isa = PBXBuildFile; fileRef = 36B655FB2BEBDEEE00A53104 /* HomeCellViewModel.swift */; };
		36B655FE2BED126700A53104 /* PostFilterViewModel.swift in Sources */ = {isa = PBXBuildFile; fileRef = 36B655FD2BED126700A53104 /* PostFilterViewModel.swift */; };
		36C0493C2BE82F7D00E59C15 /* PostService.swift in Sources */ = {isa = PBXBuildFile; fileRef = 36C0493B2BE82F7D00E59C15 /* PostService.swift */; };
		36C049412BE8315B00E59C15 /* SearchViewModel.swift in Sources */ = {isa = PBXBuildFile; fileRef = 36C049402BE8315B00E59C15 /* SearchViewModel.swift */; };
		36C049432BE8318A00E59C15 /* SearchPage.swift in Sources */ = {isa = PBXBuildFile; fileRef = 36C049422BE8318A00E59C15 /* SearchPage.swift */; };
		36C049472BE8331900E59C15 /* PostViewModel.swift in Sources */ = {isa = PBXBuildFile; fileRef = 36C049462BE8331900E59C15 /* PostViewModel.swift */; };
		36C049492BE8338500E59C15 /* StoreImage.swift in Sources */ = {isa = PBXBuildFile; fileRef = 36C049482BE8338500E59C15 /* StoreImage.swift */; };
		36D2C5EF2BF58BBF00FE9D1C /* Timestamp.swift in Sources */ = {isa = PBXBuildFile; fileRef = 36D2C5EE2BF58BBF00FE9D1C /* Timestamp.swift */; };
		36EEBBDA2BDCAACE00DEF6E0 /* ProfileView.swift in Sources */ = {isa = PBXBuildFile; fileRef = 36EEBBD92BDCAACE00DEF6E0 /* ProfileView.swift */; };
		36EEBBDC2BDCAB8200DEF6E0 /* CurrentUserProfileView.swift in Sources */ = {isa = PBXBuildFile; fileRef = 36EEBBDB2BDCAB8200DEF6E0 /* CurrentUserProfileView.swift */; };
		36FA17F62BD6082300586641 /* GoogleService-Info.plist in Resources */ = {isa = PBXBuildFile; fileRef = 36FA17F52BD6082300586641 /* GoogleService-Info.plist */; };
		36FA17F92BD608E800586641 /* FirebaseAuth in Frameworks */ = {isa = PBXBuildFile; productRef = 36FA17F82BD608E800586641 /* FirebaseAuth */; };
		36FA17FB2BD608E800586641 /* FirebaseFirestore in Frameworks */ = {isa = PBXBuildFile; productRef = 36FA17FA2BD608E800586641 /* FirebaseFirestore */; };
		36FA17FD2BD608E800586641 /* FirebaseFirestoreSwift in Frameworks */ = {isa = PBXBuildFile; productRef = 36FA17FC2BD608E800586641 /* FirebaseFirestoreSwift */; };
		36FA17FF2BD608E800586641 /* FirebaseStorage in Frameworks */ = {isa = PBXBuildFile; productRef = 36FA17FE2BD608E800586641 /* FirebaseStorage */; };
		36FA18182BD6C5E200586641 /* BruinBuzzFirebase.swift in Sources */ = {isa = PBXBuildFile; fileRef = 36FA18152BD6150E00586641 /* BruinBuzzFirebase.swift */; };
		36FA9E9B2BE9603500F03E25 /* NexaRustSans-Trial-Black2.ttf in Resources */ = {isa = PBXBuildFile; fileRef = 36FA9E9A2BE9603500F03E25 /* NexaRustSans-Trial-Black2.ttf */; };
		FB1CD0AD2BD1060B00C7A798 /* UserStatView.swift in Sources */ = {isa = PBXBuildFile; fileRef = FB1CD0AC2BD1060B00C7A798 /* UserStatView.swift */; };
		FB33AD762BE9B19F008CE113 /* CheckoutIntentResponse.swift in Sources */ = {isa = PBXBuildFile; fileRef = FB33AD712BE9B19F008CE113 /* CheckoutIntentResponse.swift */; };
		FB33AD772BE9B19F008CE113 /* Payment.swift in Sources */ = {isa = PBXBuildFile; fileRef = FB33AD722BE9B19F008CE113 /* Payment.swift */; };
		FB33AD782BE9B19F008CE113 /* PaymentConfig.swift in Sources */ = {isa = PBXBuildFile; fileRef = FB33AD732BE9B19F008CE113 /* PaymentConfig.swift */; };
		FB33AD792BE9B19F008CE113 /* PaymentGatewayController.swift in Sources */ = {isa = PBXBuildFile; fileRef = FB33AD742BE9B19F008CE113 /* PaymentGatewayController.swift */; };
		FB33AD7C2BE9B1F8008CE113 /* Stripe in Frameworks */ = {isa = PBXBuildFile; productRef = FB33AD7B2BE9B1F8008CE113 /* Stripe */; };
		FB4123682BE2A50900816ED2 /* UserService.swift in Sources */ = {isa = PBXBuildFile; fileRef = FB4123672BE2A50900816ED2 /* UserService.swift */; };
		FB673C0A2BE2FB09002BF176 /* FirebaseAnalytics in Frameworks */ = {isa = PBXBuildFile; productRef = FB673C092BE2FB09002BF176 /* FirebaseAnalytics */; };
		FB673C0C2BE2FB09002BF176 /* FirebaseAnalyticsOnDeviceConversion in Frameworks */ = {isa = PBXBuildFile; productRef = FB673C0B2BE2FB09002BF176 /* FirebaseAnalyticsOnDeviceConversion */; };
		FB673C0E2BE2FB09002BF176 /* FirebaseAnalyticsSwift in Frameworks */ = {isa = PBXBuildFile; productRef = FB673C0D2BE2FB09002BF176 /* FirebaseAnalyticsSwift */; };
		FB673C102BE2FB09002BF176 /* FirebaseAnalyticsWithoutAdIdSupport in Frameworks */ = {isa = PBXBuildFile; productRef = FB673C0F2BE2FB09002BF176 /* FirebaseAnalyticsWithoutAdIdSupport */; };
		FB673C122BE2FB09002BF176 /* FirebaseAppCheck in Frameworks */ = {isa = PBXBuildFile; productRef = FB673C112BE2FB09002BF176 /* FirebaseAppCheck */; };
		FBA88DF02BC9B7BE00F92A9A /* Assets.xcassets in Resources */ = {isa = PBXBuildFile; fileRef = FBA88DEF2BC9B7BE00F92A9A /* Assets.xcassets */; };
		FBA88DF32BC9B7BE00F92A9A /* Preview Assets.xcassets in Resources */ = {isa = PBXBuildFile; fileRef = FBA88DF22BC9B7BE00F92A9A /* Preview Assets.xcassets */; };
		FBA88DFD2BC9B7BE00F92A9A /* BruinBuzzTests.swift in Sources */ = {isa = PBXBuildFile; fileRef = FBA88DFC2BC9B7BE00F92A9A /* BruinBuzzTests.swift */; };
		FBA88E072BC9B7BE00F92A9A /* BruinBuzzUITests.swift in Sources */ = {isa = PBXBuildFile; fileRef = FBA88E062BC9B7BE00F92A9A /* BruinBuzzUITests.swift */; };
		FBA88E092BC9B7BE00F92A9A /* BruinBuzzUITestsLaunchTests.swift in Sources */ = {isa = PBXBuildFile; fileRef = FBA88E082BC9B7BE00F92A9A /* BruinBuzzUITestsLaunchTests.swift */; };
/* End PBXBuildFile section */

/* Begin PBXContainerItemProxy section */
		FBA88DF92BC9B7BE00F92A9A /* PBXContainerItemProxy */ = {
			isa = PBXContainerItemProxy;
			containerPortal = FBA88DE02BC9B7BC00F92A9A /* Project object */;
			proxyType = 1;
			remoteGlobalIDString = FBA88DE72BC9B7BC00F92A9A;
			remoteInfo = BruinBuzz;
		};
		FBA88E032BC9B7BE00F92A9A /* PBXContainerItemProxy */ = {
			isa = PBXContainerItemProxy;
			containerPortal = FBA88DE02BC9B7BC00F92A9A /* Project object */;
			proxyType = 1;
			remoteGlobalIDString = FBA88DE72BC9B7BC00F92A9A;
			remoteInfo = BruinBuzz;
		};
/* End PBXContainerItemProxy section */

/* Begin PBXFileReference section */
		360A4BAC2BDF5D8900E0544A /* EditProfileView.swift */ = {isa = PBXFileReference; lastKnownFileType = sourcecode.swift; path = EditProfileView.swift; sourceTree = "<group>"; };
		362955362BD0A5BF00CA8D7B /* MainTabView.swift */ = {isa = PBXFileReference; lastKnownFileType = sourcecode.swift; path = MainTabView.swift; sourceTree = "<group>"; };
		36359D902BE1FE350060C464 /* PostView.swift */ = {isa = PBXFileReference; lastKnownFileType = sourcecode.swift; path = PostView.swift; sourceTree = "<group>"; };
		363D17D62BCFA825009EDA4D /* Post.swift */ = {isa = PBXFileReference; lastKnownFileType = sourcecode.swift; path = Post.swift; sourceTree = "<group>"; };
		3677E9022BE0CECB00C79A15 /* HomeViewModel.swift */ = {isa = PBXFileReference; lastKnownFileType = sourcecode.swift; path = HomeViewModel.swift; sourceTree = "<group>"; };
		367FBD5A2BD83029007D1303 /* LoginViewModel.swift */ = {isa = PBXFileReference; lastKnownFileType = sourcecode.swift; path = LoginViewModel.swift; sourceTree = "<group>"; };
		367FBD5C2BDA27F7007D1303 /* AddEmailView.swift */ = {isa = PBXFileReference; lastKnownFileType = sourcecode.swift; path = AddEmailView.swift; sourceTree = "<group>"; };
		367FBD5E2BDA2EB1007D1303 /* TextFieldModifier.swift */ = {isa = PBXFileReference; lastKnownFileType = sourcecode.swift; path = TextFieldModifier.swift; sourceTree = "<group>"; };
		367FBD602BDA30A0007D1303 /* CreateUsernameView.swift */ = {isa = PBXFileReference; lastKnownFileType = sourcecode.swift; path = CreateUsernameView.swift; sourceTree = "<group>"; };
		367FBD622BDA36C1007D1303 /* CreatePasswordView.swift */ = {isa = PBXFileReference; lastKnownFileType = sourcecode.swift; path = CreatePasswordView.swift; sourceTree = "<group>"; };
		367FBD642BDA3809007D1303 /* CompleteSignUpView.swift */ = {isa = PBXFileReference; lastKnownFileType = sourcecode.swift; path = CompleteSignUpView.swift; sourceTree = "<group>"; };
		368549D32BE057A5000D9A6B /* ImageUploader.swift */ = {isa = PBXFileReference; lastKnownFileType = sourcecode.swift; path = ImageUploader.swift; sourceTree = "<group>"; };
		368549D82BE0600F000D9A6B /* CircularProfileImageView.swift */ = {isa = PBXFileReference; lastKnownFileType = sourcecode.swift; path = CircularProfileImageView.swift; sourceTree = "<group>"; };
		368549DC2BE091DD000D9A6B /* EditProfileViewModel.swift */ = {isa = PBXFileReference; lastKnownFileType = sourcecode.swift; path = EditProfileViewModel.swift; sourceTree = "<group>"; };
		3694869F2BDD5DD900010592 /* HomeCell.swift */ = {isa = PBXFileReference; lastKnownFileType = sourcecode.swift; path = HomeCell.swift; sourceTree = "<group>"; };
		369486A12BDD5DF900010592 /* HomeView.swift */ = {isa = PBXFileReference; lastKnownFileType = sourcecode.swift; path = HomeView.swift; sourceTree = "<group>"; };
		369486A32BDD6A3B00010592 /* ProfileHeaderView.swift */ = {isa = PBXFileReference; lastKnownFileType = sourcecode.swift; path = ProfileHeaderView.swift; sourceTree = "<group>"; };
		3695282F2BD0E105001D2AAB /* UploadPostView.swift */ = {isa = PBXFileReference; lastKnownFileType = sourcecode.swift; path = UploadPostView.swift; sourceTree = "<group>"; };
		369528312BD0E82F001D2AAB /* UploadPostViewModel.swift */ = {isa = PBXFileReference; lastKnownFileType = sourcecode.swift; path = UploadPostViewModel.swift; sourceTree = "<group>"; };
		36B2C7652BD75089003E97B3 /* AuthService.swift */ = {isa = PBXFileReference; lastKnownFileType = sourcecode.swift; path = AuthService.swift; sourceTree = "<group>"; };
		36B2C7672BD750BA003E97B3 /* LoginView.swift */ = {isa = PBXFileReference; lastKnownFileType = sourcecode.swift; path = LoginView.swift; sourceTree = "<group>"; };
		36B2C76B2BD75105003E97B3 /* SplashScreen.swift */ = {isa = PBXFileReference; lastKnownFileType = sourcecode.swift; path = SplashScreen.swift; sourceTree = "<group>"; };
		36B2C76D2BD75148003E97B3 /* RegistrationViewModel.swift */ = {isa = PBXFileReference; lastKnownFileType = sourcecode.swift; path = RegistrationViewModel.swift; sourceTree = "<group>"; };
		36B2C7722BD7532D003E97B3 /* ContentView.swift */ = {isa = PBXFileReference; lastKnownFileType = sourcecode.swift; path = ContentView.swift; sourceTree = "<group>"; };
		36B2C7742BD75341003E97B3 /* ContentViewModel.swift */ = {isa = PBXFileReference; lastKnownFileType = sourcecode.swift; path = ContentViewModel.swift; sourceTree = "<group>"; };
		36B2C7772BD78971003E97B3 /* User.swift */ = {isa = PBXFileReference; lastKnownFileType = sourcecode.swift; path = User.swift; sourceTree = "<group>"; };
		36B655FB2BEBDEEE00A53104 /* HomeCellViewModel.swift */ = {isa = PBXFileReference; lastKnownFileType = sourcecode.swift; path = HomeCellViewModel.swift; sourceTree = "<group>"; };
		36B655FD2BED126700A53104 /* PostFilterViewModel.swift */ = {isa = PBXFileReference; lastKnownFileType = sourcecode.swift; path = PostFilterViewModel.swift; sourceTree = "<group>"; };
		36C0493B2BE82F7D00E59C15 /* PostService.swift */ = {isa = PBXFileReference; lastKnownFileType = sourcecode.swift; path = PostService.swift; sourceTree = "<group>"; };
		36C049402BE8315B00E59C15 /* SearchViewModel.swift */ = {isa = PBXFileReference; lastKnownFileType = sourcecode.swift; path = SearchViewModel.swift; sourceTree = "<group>"; };
		36C049422BE8318A00E59C15 /* SearchPage.swift */ = {isa = PBXFileReference; lastKnownFileType = sourcecode.swift; path = SearchPage.swift; sourceTree = "<group>"; };
		36C049462BE8331900E59C15 /* PostViewModel.swift */ = {isa = PBXFileReference; lastKnownFileType = sourcecode.swift; path = PostViewModel.swift; sourceTree = "<group>"; };
		36C049482BE8338500E59C15 /* StoreImage.swift */ = {isa = PBXFileReference; lastKnownFileType = sourcecode.swift; path = StoreImage.swift; sourceTree = "<group>"; };
		36D2C5EE2BF58BBF00FE9D1C /* Timestamp.swift */ = {isa = PBXFileReference; lastKnownFileType = sourcecode.swift; path = Timestamp.swift; sourceTree = "<group>"; };
		36EEBBD92BDCAACE00DEF6E0 /* ProfileView.swift */ = {isa = PBXFileReference; lastKnownFileType = sourcecode.swift; path = ProfileView.swift; sourceTree = "<group>"; };
		36EEBBDB2BDCAB8200DEF6E0 /* CurrentUserProfileView.swift */ = {isa = PBXFileReference; lastKnownFileType = sourcecode.swift; path = CurrentUserProfileView.swift; sourceTree = "<group>"; };
		36FA17F52BD6082300586641 /* GoogleService-Info.plist */ = {isa = PBXFileReference; fileEncoding = 4; lastKnownFileType = text.plist.xml; path = "GoogleService-Info.plist"; sourceTree = "<group>"; };
		36FA18152BD6150E00586641 /* BruinBuzzFirebase.swift */ = {isa = PBXFileReference; lastKnownFileType = sourcecode.swift; path = BruinBuzzFirebase.swift; sourceTree = "<group>"; };
		36FA9E9A2BE9603500F03E25 /* NexaRustSans-Trial-Black2.ttf */ = {isa = PBXFileReference; lastKnownFileType = file; path = "NexaRustSans-Trial-Black2.ttf"; sourceTree = "<group>"; };
		FB1CD0AC2BD1060B00C7A798 /* UserStatView.swift */ = {isa = PBXFileReference; lastKnownFileType = sourcecode.swift; name = UserStatView.swift; path = BruinBuzz/Components/View/UserStatView.swift; sourceTree = SOURCE_ROOT; };
		FB33AD712BE9B19F008CE113 /* CheckoutIntentResponse.swift */ = {isa = PBXFileReference; fileEncoding = 4; lastKnownFileType = sourcecode.swift; path = CheckoutIntentResponse.swift; sourceTree = "<group>"; };
		FB33AD722BE9B19F008CE113 /* Payment.swift */ = {isa = PBXFileReference; fileEncoding = 4; lastKnownFileType = sourcecode.swift; path = Payment.swift; sourceTree = "<group>"; };
		FB33AD732BE9B19F008CE113 /* PaymentConfig.swift */ = {isa = PBXFileReference; fileEncoding = 4; lastKnownFileType = sourcecode.swift; path = PaymentConfig.swift; sourceTree = "<group>"; };
		FB33AD742BE9B19F008CE113 /* PaymentGatewayController.swift */ = {isa = PBXFileReference; fileEncoding = 4; lastKnownFileType = sourcecode.swift; path = PaymentGatewayController.swift; sourceTree = "<group>"; };
		FB4123672BE2A50900816ED2 /* UserService.swift */ = {isa = PBXFileReference; lastKnownFileType = sourcecode.swift; path = UserService.swift; sourceTree = "<group>"; };
		FB69A8C52BF29CCA00D26F74 /* BruinBuzz.entitlements */ = {isa = PBXFileReference; lastKnownFileType = text.plist.entitlements; path = BruinBuzz.entitlements; sourceTree = "<group>"; };
		FBA88DE82BC9B7BC00F92A9A /* BruinBuzz.app */ = {isa = PBXFileReference; explicitFileType = wrapper.application; includeInIndex = 0; path = BruinBuzz.app; sourceTree = BUILT_PRODUCTS_DIR; };
		FBA88DEF2BC9B7BE00F92A9A /* Assets.xcassets */ = {isa = PBXFileReference; lastKnownFileType = folder.assetcatalog; path = Assets.xcassets; sourceTree = "<group>"; };
		FBA88DF22BC9B7BE00F92A9A /* Preview Assets.xcassets */ = {isa = PBXFileReference; lastKnownFileType = folder.assetcatalog; path = "Preview Assets.xcassets"; sourceTree = "<group>"; };
		FBA88DF82BC9B7BE00F92A9A /* BruinBuzzTests.xctest */ = {isa = PBXFileReference; explicitFileType = wrapper.cfbundle; includeInIndex = 0; path = BruinBuzzTests.xctest; sourceTree = BUILT_PRODUCTS_DIR; };
		FBA88DFC2BC9B7BE00F92A9A /* BruinBuzzTests.swift */ = {isa = PBXFileReference; lastKnownFileType = sourcecode.swift; path = BruinBuzzTests.swift; sourceTree = "<group>"; };
		FBA88E022BC9B7BE00F92A9A /* BruinBuzzUITests.xctest */ = {isa = PBXFileReference; explicitFileType = wrapper.cfbundle; includeInIndex = 0; path = BruinBuzzUITests.xctest; sourceTree = BUILT_PRODUCTS_DIR; };
		FBA88E062BC9B7BE00F92A9A /* BruinBuzzUITests.swift */ = {isa = PBXFileReference; lastKnownFileType = sourcecode.swift; path = BruinBuzzUITests.swift; sourceTree = "<group>"; };
		FBA88E082BC9B7BE00F92A9A /* BruinBuzzUITestsLaunchTests.swift */ = {isa = PBXFileReference; lastKnownFileType = sourcecode.swift; path = BruinBuzzUITestsLaunchTests.swift; sourceTree = "<group>"; };
/* End PBXFileReference section */

/* Begin PBXFrameworksBuildPhase section */
		FBA88DE52BC9B7BC00F92A9A /* Frameworks */ = {
			isa = PBXFrameworksBuildPhase;
			buildActionMask = 2147483647;
			files = (
				36FA17F92BD608E800586641 /* FirebaseAuth in Frameworks */,
				36FA17FF2BD608E800586641 /* FirebaseStorage in Frameworks */,
				FB673C0A2BE2FB09002BF176 /* FirebaseAnalytics in Frameworks */,
				FB673C0C2BE2FB09002BF176 /* FirebaseAnalyticsOnDeviceConversion in Frameworks */,
				FB673C0E2BE2FB09002BF176 /* FirebaseAnalyticsSwift in Frameworks */,
				36FA17FB2BD608E800586641 /* FirebaseFirestore in Frameworks */,
				36FA17FD2BD608E800586641 /* FirebaseFirestoreSwift in Frameworks */,
				FB33AD7C2BE9B1F8008CE113 /* Stripe in Frameworks */,
				FB673C102BE2FB09002BF176 /* FirebaseAnalyticsWithoutAdIdSupport in Frameworks */,
				FB673C122BE2FB09002BF176 /* FirebaseAppCheck in Frameworks */,
				368549D72BE05F92000D9A6B /* Kingfisher in Frameworks */,
			);
			runOnlyForDeploymentPostprocessing = 0;
		};
		FBA88DF52BC9B7BE00F92A9A /* Frameworks */ = {
			isa = PBXFrameworksBuildPhase;
			buildActionMask = 2147483647;
			files = (
			);
			runOnlyForDeploymentPostprocessing = 0;
		};
		FBA88DFF2BC9B7BE00F92A9A /* Frameworks */ = {
			isa = PBXFrameworksBuildPhase;
			buildActionMask = 2147483647;
			files = (
			);
			runOnlyForDeploymentPostprocessing = 0;
		};
/* End PBXFrameworksBuildPhase section */

/* Begin PBXGroup section */
		360A4BB02BDF66E200E0544A /* View */ = {
			isa = PBXGroup;
			children = (
				36EEBBD92BDCAACE00DEF6E0 /* ProfileView.swift */,
				36EEBBDB2BDCAB8200DEF6E0 /* CurrentUserProfileView.swift */,
				369486A32BDD6A3B00010592 /* ProfileHeaderView.swift */,
				360A4BAC2BDF5D8900E0544A /* EditProfileView.swift */,
			);
			path = View;
			sourceTree = "<group>";
		};
		363350672BDD5D7200039410 /* Home */ = {
			isa = PBXGroup;
			children = (
				3677E9002BE0CEA000C79A15 /* View */,
				3677E9012BE0CEA700C79A15 /* ViewModel */,
			);
			path = Home;
			sourceTree = "<group>";
		};
		363BA1ED2BDEE90A00360F91 /* Frameworks */ = {
			isa = PBXGroup;
			children = (
			);
			name = Frameworks;
			sourceTree = "<group>";
		};
		3677E9002BE0CEA000C79A15 /* View */ = {
			isa = PBXGroup;
			children = (
				3694869F2BDD5DD900010592 /* HomeCell.swift */,
				369486A12BDD5DF900010592 /* HomeView.swift */,
			);
			path = View;
			sourceTree = "<group>";
		};
		3677E9012BE0CEA700C79A15 /* ViewModel */ = {
			isa = PBXGroup;
			children = (
				3677E9022BE0CECB00C79A15 /* HomeViewModel.swift */,
				36B655FB2BEBDEEE00A53104 /* HomeCellViewModel.swift */,
			);
			path = ViewModel;
			sourceTree = "<group>";
		};
		367FBD6A2BDCAA2E007D1303 /* Profile */ = {
			isa = PBXGroup;
			children = (
				360A4BB02BDF66E200E0544A /* View */,
				368549DE2BE091E1000D9A6B /* ViewModel */,
			);
			path = Profile;
			sourceTree = "<group>";
		};
		368549DA2BE06D43000D9A6B /* View */ = {
			isa = PBXGroup;
			children = (
				3695282F2BD0E105001D2AAB /* UploadPostView.swift */,
			);
			path = View;
			sourceTree = "<group>";
		};
		368549DB2BE06D4A000D9A6B /* ViewModel */ = {
			isa = PBXGroup;
			children = (
				369528312BD0E82F001D2AAB /* UploadPostViewModel.swift */,
			);
			path = ViewModel;
			sourceTree = "<group>";
		};
		368549DE2BE091E1000D9A6B /* ViewModel */ = {
			isa = PBXGroup;
			children = (
				368549DC2BE091DD000D9A6B /* EditProfileViewModel.swift */,
			);
			path = ViewModel;
			sourceTree = "<group>";
		};
		3695282E2BD0E0CB001D2AAB /* UploadPost */ = {
			isa = PBXGroup;
			children = (
				368549DA2BE06D43000D9A6B /* View */,
				368549DB2BE06D4A000D9A6B /* ViewModel */,
			);
			path = UploadPost;
			sourceTree = "<group>";
		};
		36B2C75F2BD74FEF003E97B3 /* Authentication */ = {
			isa = PBXGroup;
			children = (
				36B2C7612BD7500D003E97B3 /* View */,
				36B2C7622BD7501A003E97B3 /* ViewModel */,
				36B2C7602BD75002003E97B3 /* Service */,
			);
			path = Authentication;
			sourceTree = "<group>";
		};
		36B2C7602BD75002003E97B3 /* Service */ = {
			isa = PBXGroup;
			children = (
				36B2C7652BD75089003E97B3 /* AuthService.swift */,
			);
			path = Service;
			sourceTree = "<group>";
		};
		36B2C7612BD7500D003E97B3 /* View */ = {
			isa = PBXGroup;
			children = (
				36B2C76B2BD75105003E97B3 /* SplashScreen.swift */,
				36B2C7672BD750BA003E97B3 /* LoginView.swift */,
				367FBD5C2BDA27F7007D1303 /* AddEmailView.swift */,
				367FBD602BDA30A0007D1303 /* CreateUsernameView.swift */,
				367FBD622BDA36C1007D1303 /* CreatePasswordView.swift */,
				367FBD642BDA3809007D1303 /* CompleteSignUpView.swift */,
			);
			path = View;
			sourceTree = "<group>";
		};
		36B2C7622BD7501A003E97B3 /* ViewModel */ = {
			isa = PBXGroup;
			children = (
				36B2C76D2BD75148003E97B3 /* RegistrationViewModel.swift */,
				367FBD5A2BD83029007D1303 /* LoginViewModel.swift */,
			);
			path = ViewModel;
			sourceTree = "<group>";
		};
		36B2C76F2BD752C2003E97B3 /* Root */ = {
			isa = PBXGroup;
			children = (
				36B2C7702BD752D3003E97B3 /* View */,
				36B2C7712BD752DC003E97B3 /* ViewModel */,
			);
			path = Root;
			sourceTree = "<group>";
		};
		36B2C7702BD752D3003E97B3 /* View */ = {
			isa = PBXGroup;
			children = (
				36B2C7722BD7532D003E97B3 /* ContentView.swift */,
			);
			path = View;
			sourceTree = "<group>";
		};
		36B2C7712BD752DC003E97B3 /* ViewModel */ = {
			isa = PBXGroup;
			children = (
				36B2C7742BD75341003E97B3 /* ContentViewModel.swift */,
			);
			path = ViewModel;
			sourceTree = "<group>";
		};
		36B2C7762BD78962003E97B3 /* Model */ = {
			isa = PBXGroup;
			children = (
				363D17D62BCFA825009EDA4D /* Post.swift */,
				36B2C7772BD78971003E97B3 /* User.swift */,
			);
			path = Model;
			sourceTree = "<group>";
		};
		36C0493D2BE8300F00E59C15 /* Search */ = {
			isa = PBXGroup;
			children = (
				36C0493E2BE8312C00E59C15 /* View */,
				36C0493F2BE8313200E59C15 /* ViewModel */,
			);
			name = Search;
			path = ../../Search;
			sourceTree = "<group>";
		};
		36C0493E2BE8312C00E59C15 /* View */ = {
			isa = PBXGroup;
			children = (
				36C049422BE8318A00E59C15 /* SearchPage.swift */,
			);
			path = View;
			sourceTree = "<group>";
		};
		36C0493F2BE8313200E59C15 /* ViewModel */ = {
			isa = PBXGroup;
			children = (
				36C049402BE8315B00E59C15 /* SearchViewModel.swift */,
			);
			path = ViewModel;
			sourceTree = "<group>";
		};
		36C049442BE8330700E59C15 /* View */ = {
			isa = PBXGroup;
			children = (
				368549D82BE0600F000D9A6B /* CircularProfileImageView.swift */,
				FB1CD0AC2BD1060B00C7A798 /* UserStatView.swift */,
				367FBD5E2BDA2EB1007D1303 /* TextFieldModifier.swift */,
				36359D902BE1FE350060C464 /* PostView.swift */,
				36C049482BE8338500E59C15 /* StoreImage.swift */,
			);
			path = View;
			sourceTree = "<group>";
		};
		36C049452BE8330B00E59C15 /* ViewModel */ = {
			isa = PBXGroup;
			children = (
				36C049462BE8331900E59C15 /* PostViewModel.swift */,
				36B655FD2BED126700A53104 /* PostFilterViewModel.swift */,
			);
			path = ViewModel;
			sourceTree = "<group>";
		};
		36D2C5ED2BF58B7F00FE9D1C /* Extensions */ = {
			isa = PBXGroup;
			children = (
				36D2C5EE2BF58BBF00FE9D1C /* Timestamp.swift */,
			);
			path = Extensions;
			sourceTree = "<group>";
		};
		36FA18162BD6150E00586641 /* App */ = {
			isa = PBXGroup;
			children = (
				36FA18152BD6150E00586641 /* BruinBuzzFirebase.swift */,
			);
			path = App;
			sourceTree = "<group>";
		};
		36FA18192BD6C70600586641 /* Core */ = {
			isa = PBXGroup;
			children = (
				36B2C75F2BD74FEF003E97B3 /* Authentication */,
				FB1CD0AB2BD105AB00C7A798 /* Components */,
				363350672BDD5D7200039410 /* Home */,
				36C0493D2BE8300F00E59C15 /* Search */,
				FB33AD752BE9B19F008CE113 /* Payment */,
				367FBD6A2BDCAA2E007D1303 /* Profile */,
				3695282E2BD0E0CB001D2AAB /* UploadPost */,
				36FA9E9A2BE9603500F03E25 /* NexaRustSans-Trial-Black2.ttf */,
				36B2C76F2BD752C2003E97B3 /* Root */,
				36FA181E2BD73D9F00586641 /* TabBar */,
			);
			path = Core;
			sourceTree = "<group>";
		};
		36FA181A2BD736C900586641 /* Services */ = {
			isa = PBXGroup;
			children = (
				368549D32BE057A5000D9A6B /* ImageUploader.swift */,
				FB4123672BE2A50900816ED2 /* UserService.swift */,
				36C0493B2BE82F7D00E59C15 /* PostService.swift */,
			);
			path = Services;
			sourceTree = "<group>";
		};
		36FA181E2BD73D9F00586641 /* TabBar */ = {
			isa = PBXGroup;
			children = (
				362955362BD0A5BF00CA8D7B /* MainTabView.swift */,
			);
			path = TabBar;
			sourceTree = "<group>";
		};
		FB1CD0AB2BD105AB00C7A798 /* Components */ = {
			isa = PBXGroup;
			children = (
				36C049442BE8330700E59C15 /* View */,
				36C049452BE8330B00E59C15 /* ViewModel */,
			);
			name = Components;
			path = ../Components;
			sourceTree = "<group>";
		};
		FB33AD752BE9B19F008CE113 /* Payment */ = {
			isa = PBXGroup;
			children = (
				FB33AD712BE9B19F008CE113 /* CheckoutIntentResponse.swift */,
				FB33AD722BE9B19F008CE113 /* Payment.swift */,
				FB33AD732BE9B19F008CE113 /* PaymentConfig.swift */,
				FB33AD742BE9B19F008CE113 /* PaymentGatewayController.swift */,
			);
			path = Payment;
			sourceTree = "<group>";
		};
		FBA88DDF2BC9B7BC00F92A9A = {
			isa = PBXGroup;
			children = (
				FBA88DEA2BC9B7BC00F92A9A /* BruinBuzz */,
				FBA88DE92BC9B7BC00F92A9A /* Products */,
				363BA1ED2BDEE90A00360F91 /* Frameworks */,
			);
			sourceTree = "<group>";
		};
		FBA88DE92BC9B7BC00F92A9A /* Products */ = {
			isa = PBXGroup;
			children = (
				FBA88DE82BC9B7BC00F92A9A /* BruinBuzz.app */,
				FBA88DF82BC9B7BE00F92A9A /* BruinBuzzTests.xctest */,
				FBA88E022BC9B7BE00F92A9A /* BruinBuzzUITests.xctest */,
			);
			name = Products;
			sourceTree = "<group>";
		};
		FBA88DEA2BC9B7BC00F92A9A /* BruinBuzz */ = {
			isa = PBXGroup;
			children = (
				FB69A8C52BF29CCA00D26F74 /* BruinBuzz.entitlements */,
				36FA18162BD6150E00586641 /* App */,
				36FA18192BD6C70600586641 /* Core */,
				36D2C5ED2BF58B7F00FE9D1C /* Extensions */,
				FBA88E052BC9B7BE00F92A9A /* BruinBuzzUITests */,
				FBA88DFB2BC9B7BE00F92A9A /* BruinBuzzTests */,
				36B2C7762BD78962003E97B3 /* Model */,
				36FA181A2BD736C900586641 /* Services */,
				36FA17F52BD6082300586641 /* GoogleService-Info.plist */,
				FBA88DEF2BC9B7BE00F92A9A /* Assets.xcassets */,
				FBA88DF12BC9B7BE00F92A9A /* Preview Content */,
			);
			path = BruinBuzz;
			sourceTree = "<group>";
		};
		FBA88DF12BC9B7BE00F92A9A /* Preview Content */ = {
			isa = PBXGroup;
			children = (
				FBA88DF22BC9B7BE00F92A9A /* Preview Assets.xcassets */,
			);
			path = "Preview Content";
			sourceTree = "<group>";
		};
		FBA88DFB2BC9B7BE00F92A9A /* BruinBuzzTests */ = {
			isa = PBXGroup;
			children = (
				FBA88DFC2BC9B7BE00F92A9A /* BruinBuzzTests.swift */,
			);
			path = BruinBuzzTests;
			sourceTree = "<group>";
		};
		FBA88E052BC9B7BE00F92A9A /* BruinBuzzUITests */ = {
			isa = PBXGroup;
			children = (
				FBA88E062BC9B7BE00F92A9A /* BruinBuzzUITests.swift */,
				FBA88E082BC9B7BE00F92A9A /* BruinBuzzUITestsLaunchTests.swift */,
			);
			path = BruinBuzzUITests;
			sourceTree = "<group>";
		};
/* End PBXGroup section */

/* Begin PBXNativeTarget section */
		FBA88DE72BC9B7BC00F92A9A /* BruinBuzz */ = {
			isa = PBXNativeTarget;
			buildConfigurationList = FBA88E0C2BC9B7BE00F92A9A /* Build configuration list for PBXNativeTarget "BruinBuzz" */;
			buildPhases = (
				FBA88DE42BC9B7BC00F92A9A /* Sources */,
				FBA88DE52BC9B7BC00F92A9A /* Frameworks */,
				FBA88DE62BC9B7BC00F92A9A /* Resources */,
			);
			buildRules = (
			);
			dependencies = (
			);
			name = BruinBuzz;
			packageProductDependencies = (
				36FA17F82BD608E800586641 /* FirebaseAuth */,
				36FA17FA2BD608E800586641 /* FirebaseFirestore */,
				36FA17FC2BD608E800586641 /* FirebaseFirestoreSwift */,
				36FA17FE2BD608E800586641 /* FirebaseStorage */,
				368549D62BE05F92000D9A6B /* Kingfisher */,
				FB673C092BE2FB09002BF176 /* FirebaseAnalytics */,
				FB673C0B2BE2FB09002BF176 /* FirebaseAnalyticsOnDeviceConversion */,
				FB673C0D2BE2FB09002BF176 /* FirebaseAnalyticsSwift */,
				FB673C0F2BE2FB09002BF176 /* FirebaseAnalyticsWithoutAdIdSupport */,
				FB673C112BE2FB09002BF176 /* FirebaseAppCheck */,
				FB33AD7B2BE9B1F8008CE113 /* Stripe */,
			);
			productName = BruinBuzz;
			productReference = FBA88DE82BC9B7BC00F92A9A /* BruinBuzz.app */;
			productType = "com.apple.product-type.application";
		};
		FBA88DF72BC9B7BE00F92A9A /* BruinBuzzTests */ = {
			isa = PBXNativeTarget;
			buildConfigurationList = FBA88E0F2BC9B7BE00F92A9A /* Build configuration list for PBXNativeTarget "BruinBuzzTests" */;
			buildPhases = (
				FBA88DF42BC9B7BE00F92A9A /* Sources */,
				FBA88DF52BC9B7BE00F92A9A /* Frameworks */,
				FBA88DF62BC9B7BE00F92A9A /* Resources */,
			);
			buildRules = (
			);
			dependencies = (
				FBA88DFA2BC9B7BE00F92A9A /* PBXTargetDependency */,
			);
			name = BruinBuzzTests;
			productName = BruinBuzzTests;
			productReference = FBA88DF82BC9B7BE00F92A9A /* BruinBuzzTests.xctest */;
			productType = "com.apple.product-type.bundle.unit-test";
		};
		FBA88E012BC9B7BE00F92A9A /* BruinBuzzUITests */ = {
			isa = PBXNativeTarget;
			buildConfigurationList = FBA88E122BC9B7BE00F92A9A /* Build configuration list for PBXNativeTarget "BruinBuzzUITests" */;
			buildPhases = (
				FBA88DFE2BC9B7BE00F92A9A /* Sources */,
				FBA88DFF2BC9B7BE00F92A9A /* Frameworks */,
				FBA88E002BC9B7BE00F92A9A /* Resources */,
			);
			buildRules = (
			);
			dependencies = (
				FBA88E042BC9B7BE00F92A9A /* PBXTargetDependency */,
			);
			name = BruinBuzzUITests;
			productName = BruinBuzzUITests;
			productReference = FBA88E022BC9B7BE00F92A9A /* BruinBuzzUITests.xctest */;
			productType = "com.apple.product-type.bundle.ui-testing";
		};
/* End PBXNativeTarget section */

/* Begin PBXProject section */
		FBA88DE02BC9B7BC00F92A9A /* Project object */ = {
			isa = PBXProject;
			attributes = {
				BuildIndependentTargetsInParallel = 1;
				LastSwiftUpdateCheck = 1510;
				LastUpgradeCheck = 1510;
				TargetAttributes = {
					FBA88DE72BC9B7BC00F92A9A = {
						CreatedOnToolsVersion = 15.1;
					};
					FBA88DF72BC9B7BE00F92A9A = {
						CreatedOnToolsVersion = 15.1;
						TestTargetID = FBA88DE72BC9B7BC00F92A9A;
					};
					FBA88E012BC9B7BE00F92A9A = {
						CreatedOnToolsVersion = 15.1;
						TestTargetID = FBA88DE72BC9B7BC00F92A9A;
					};
				};
			};
			buildConfigurationList = FBA88DE32BC9B7BC00F92A9A /* Build configuration list for PBXProject "BruinBuzz" */;
			compatibilityVersion = "Xcode 14.0";
			developmentRegion = en;
			hasScannedForEncodings = 0;
			knownRegions = (
				en,
				Base,
			);
			mainGroup = FBA88DDF2BC9B7BC00F92A9A;
			packageReferences = (
				36FA17F72BD608E800586641 /* XCRemoteSwiftPackageReference "firebase-ios-sdk" */,
				368549D52BE05F92000D9A6B /* XCRemoteSwiftPackageReference "Kingfisher" */,
				FB33AD7A2BE9B1F8008CE113 /* XCRemoteSwiftPackageReference "stripe-ios-spm" */,
			);
			productRefGroup = FBA88DE92BC9B7BC00F92A9A /* Products */;
			projectDirPath = "";
			projectRoot = "";
			targets = (
				FBA88DE72BC9B7BC00F92A9A /* BruinBuzz */,
				FBA88DF72BC9B7BE00F92A9A /* BruinBuzzTests */,
				FBA88E012BC9B7BE00F92A9A /* BruinBuzzUITests */,
			);
		};
/* End PBXProject section */

/* Begin PBXResourcesBuildPhase section */
		FBA88DE62BC9B7BC00F92A9A /* Resources */ = {
			isa = PBXResourcesBuildPhase;
			buildActionMask = 2147483647;
			files = (
				36FA9E9B2BE9603500F03E25 /* NexaRustSans-Trial-Black2.ttf in Resources */,
				FBA88DF32BC9B7BE00F92A9A /* Preview Assets.xcassets in Resources */,
				36FA17F62BD6082300586641 /* GoogleService-Info.plist in Resources */,
				FBA88DF02BC9B7BE00F92A9A /* Assets.xcassets in Resources */,
			);
			runOnlyForDeploymentPostprocessing = 0;
		};
		FBA88DF62BC9B7BE00F92A9A /* Resources */ = {
			isa = PBXResourcesBuildPhase;
			buildActionMask = 2147483647;
			files = (
			);
			runOnlyForDeploymentPostprocessing = 0;
		};
		FBA88E002BC9B7BE00F92A9A /* Resources */ = {
			isa = PBXResourcesBuildPhase;
			buildActionMask = 2147483647;
			files = (
			);
			runOnlyForDeploymentPostprocessing = 0;
		};
/* End PBXResourcesBuildPhase section */

/* Begin PBXSourcesBuildPhase section */
		FBA88DE42BC9B7BC00F92A9A /* Sources */ = {
			isa = PBXSourcesBuildPhase;
			buildActionMask = 2147483647;
			files = (
				36B2C76C2BD75105003E97B3 /* SplashScreen.swift in Sources */,
				367FBD652BDA3809007D1303 /* CompleteSignUpView.swift in Sources */,
				36C049492BE8338500E59C15 /* StoreImage.swift in Sources */,
				363D17D72BCFA825009EDA4D /* Post.swift in Sources */,
				36B2C7732BD7532D003E97B3 /* ContentView.swift in Sources */,
				36C049412BE8315B00E59C15 /* SearchViewModel.swift in Sources */,
				FB1CD0AD2BD1060B00C7A798 /* UserStatView.swift in Sources */,
				36EEBBDC2BDCAB8200DEF6E0 /* CurrentUserProfileView.swift in Sources */,
				36C0493C2BE82F7D00E59C15 /* PostService.swift in Sources */,
				369486A02BDD5DD900010592 /* HomeCell.swift in Sources */,
				36B2C7782BD78971003E97B3 /* User.swift in Sources */,
				360A4BAD2BDF5D8900E0544A /* EditProfileView.swift in Sources */,
				36C049432BE8318A00E59C15 /* SearchPage.swift in Sources */,
				FB33AD792BE9B19F008CE113 /* PaymentGatewayController.swift in Sources */,
				36359D912BE1FE350060C464 /* PostView.swift in Sources */,
				367FBD612BDA30A0007D1303 /* CreateUsernameView.swift in Sources */,
				368549DD2BE091DD000D9A6B /* EditProfileViewModel.swift in Sources */,
				FB33AD772BE9B19F008CE113 /* Payment.swift in Sources */,
				36B655FE2BED126700A53104 /* PostFilterViewModel.swift in Sources */,
				36B2C7662BD75089003E97B3 /* AuthService.swift in Sources */,
				369528322BD0E82F001D2AAB /* UploadPostViewModel.swift in Sources */,
				36B655FC2BEBDEEE00A53104 /* HomeCellViewModel.swift in Sources */,
				367FBD5F2BDA2EB1007D1303 /* TextFieldModifier.swift in Sources */,
				369486A22BDD5DF900010592 /* HomeView.swift in Sources */,
				FB4123682BE2A50900816ED2 /* UserService.swift in Sources */,
				36FA18182BD6C5E200586641 /* BruinBuzzFirebase.swift in Sources */,
				367FBD5B2BD83029007D1303 /* LoginViewModel.swift in Sources */,
				368549D92BE0600F000D9A6B /* CircularProfileImageView.swift in Sources */,
				36C049472BE8331900E59C15 /* PostViewModel.swift in Sources */,
				362955372BD0A5BF00CA8D7B /* MainTabView.swift in Sources */,
				36EEBBDA2BDCAACE00DEF6E0 /* ProfileView.swift in Sources */,
				36D2C5EF2BF58BBF00FE9D1C /* Timestamp.swift in Sources */,
				36B2C76E2BD75148003E97B3 /* RegistrationViewModel.swift in Sources */,
				367FBD632BDA36C1007D1303 /* CreatePasswordView.swift in Sources */,
				FB33AD762BE9B19F008CE113 /* CheckoutIntentResponse.swift in Sources */,
				FB33AD782BE9B19F008CE113 /* PaymentConfig.swift in Sources */,
				369486A42BDD6A3B00010592 /* ProfileHeaderView.swift in Sources */,
				369528302BD0E105001D2AAB /* UploadPostView.swift in Sources */,
				36B2C7682BD750BA003E97B3 /* LoginView.swift in Sources */,
				367FBD5D2BDA27F7007D1303 /* AddEmailView.swift in Sources */,
				36B2C7752BD75341003E97B3 /* ContentViewModel.swift in Sources */,
				3677E9032BE0CECB00C79A15 /* HomeViewModel.swift in Sources */,
				368549D42BE057A5000D9A6B /* ImageUploader.swift in Sources */,
			);
			runOnlyForDeploymentPostprocessing = 0;
		};
		FBA88DF42BC9B7BE00F92A9A /* Sources */ = {
			isa = PBXSourcesBuildPhase;
			buildActionMask = 2147483647;
			files = (
				FBA88DFD2BC9B7BE00F92A9A /* BruinBuzzTests.swift in Sources */,
			);
			runOnlyForDeploymentPostprocessing = 0;
		};
		FBA88DFE2BC9B7BE00F92A9A /* Sources */ = {
			isa = PBXSourcesBuildPhase;
			buildActionMask = 2147483647;
			files = (
				FBA88E092BC9B7BE00F92A9A /* BruinBuzzUITestsLaunchTests.swift in Sources */,
				FBA88E072BC9B7BE00F92A9A /* BruinBuzzUITests.swift in Sources */,
			);
			runOnlyForDeploymentPostprocessing = 0;
		};
/* End PBXSourcesBuildPhase section */

/* Begin PBXTargetDependency section */
		FBA88DFA2BC9B7BE00F92A9A /* PBXTargetDependency */ = {
			isa = PBXTargetDependency;
			target = FBA88DE72BC9B7BC00F92A9A /* BruinBuzz */;
			targetProxy = FBA88DF92BC9B7BE00F92A9A /* PBXContainerItemProxy */;
		};
		FBA88E042BC9B7BE00F92A9A /* PBXTargetDependency */ = {
			isa = PBXTargetDependency;
			target = FBA88DE72BC9B7BC00F92A9A /* BruinBuzz */;
			targetProxy = FBA88E032BC9B7BE00F92A9A /* PBXContainerItemProxy */;
		};
/* End PBXTargetDependency section */

/* Begin XCBuildConfiguration section */
		FBA88E0A2BC9B7BE00F92A9A /* Debug */ = {
			isa = XCBuildConfiguration;
			buildSettings = {
				ALWAYS_SEARCH_USER_PATHS = NO;
				ASSETCATALOG_COMPILER_GENERATE_SWIFT_ASSET_SYMBOL_EXTENSIONS = YES;
				CLANG_ANALYZER_NONNULL = YES;
				CLANG_ANALYZER_NUMBER_OBJECT_CONVERSION = YES_AGGRESSIVE;
				CLANG_CXX_LANGUAGE_STANDARD = "gnu++20";
				CLANG_ENABLE_MODULES = YES;
				CLANG_ENABLE_OBJC_ARC = YES;
				CLANG_ENABLE_OBJC_WEAK = YES;
				CLANG_WARN_BLOCK_CAPTURE_AUTORELEASING = YES;
				CLANG_WARN_BOOL_CONVERSION = YES;
				CLANG_WARN_COMMA = YES;
				CLANG_WARN_CONSTANT_CONVERSION = YES;
				CLANG_WARN_DEPRECATED_OBJC_IMPLEMENTATIONS = YES;
				CLANG_WARN_DIRECT_OBJC_ISA_USAGE = YES_ERROR;
				CLANG_WARN_DOCUMENTATION_COMMENTS = YES;
				CLANG_WARN_EMPTY_BODY = YES;
				CLANG_WARN_ENUM_CONVERSION = YES;
				CLANG_WARN_INFINITE_RECURSION = YES;
				CLANG_WARN_INT_CONVERSION = YES;
				CLANG_WARN_NON_LITERAL_NULL_CONVERSION = YES;
				CLANG_WARN_OBJC_IMPLICIT_RETAIN_SELF = YES;
				CLANG_WARN_OBJC_LITERAL_CONVERSION = YES;
				CLANG_WARN_OBJC_ROOT_CLASS = YES_ERROR;
				CLANG_WARN_QUOTED_INCLUDE_IN_FRAMEWORK_HEADER = YES;
				CLANG_WARN_RANGE_LOOP_ANALYSIS = YES;
				CLANG_WARN_STRICT_PROTOTYPES = YES;
				CLANG_WARN_SUSPICIOUS_MOVE = YES;
				CLANG_WARN_UNGUARDED_AVAILABILITY = YES_AGGRESSIVE;
				CLANG_WARN_UNREACHABLE_CODE = YES;
				CLANG_WARN__DUPLICATE_METHOD_MATCH = YES;
				COPY_PHASE_STRIP = NO;
				DEBUG_INFORMATION_FORMAT = dwarf;
				ENABLE_STRICT_OBJC_MSGSEND = YES;
				ENABLE_TESTABILITY = YES;
				ENABLE_USER_SCRIPT_SANDBOXING = YES;
				GCC_C_LANGUAGE_STANDARD = gnu17;
				GCC_DYNAMIC_NO_PIC = NO;
				GCC_NO_COMMON_BLOCKS = YES;
				GCC_OPTIMIZATION_LEVEL = 0;
				GCC_PREPROCESSOR_DEFINITIONS = (
					"DEBUG=1",
					"$(inherited)",
				);
				GCC_WARN_64_TO_32_BIT_CONVERSION = YES;
				GCC_WARN_ABOUT_RETURN_TYPE = YES_ERROR;
				GCC_WARN_UNDECLARED_SELECTOR = YES;
				GCC_WARN_UNINITIALIZED_AUTOS = YES_AGGRESSIVE;
				GCC_WARN_UNUSED_FUNCTION = YES;
				GCC_WARN_UNUSED_VARIABLE = YES;
				IPHONEOS_DEPLOYMENT_TARGET = 17.2;
				LOCALIZATION_PREFERS_STRING_CATALOGS = YES;
				MTL_ENABLE_DEBUG_INFO = INCLUDE_SOURCE;
				MTL_FAST_MATH = YES;
				ONLY_ACTIVE_ARCH = YES;
				SDKROOT = iphoneos;
				SWIFT_ACTIVE_COMPILATION_CONDITIONS = "DEBUG $(inherited)";
				SWIFT_OPTIMIZATION_LEVEL = "-Onone";
			};
			name = Debug;
		};
		FBA88E0B2BC9B7BE00F92A9A /* Release */ = {
			isa = XCBuildConfiguration;
			buildSettings = {
				ALWAYS_SEARCH_USER_PATHS = NO;
				ASSETCATALOG_COMPILER_GENERATE_SWIFT_ASSET_SYMBOL_EXTENSIONS = YES;
				CLANG_ANALYZER_NONNULL = YES;
				CLANG_ANALYZER_NUMBER_OBJECT_CONVERSION = YES_AGGRESSIVE;
				CLANG_CXX_LANGUAGE_STANDARD = "gnu++20";
				CLANG_ENABLE_MODULES = YES;
				CLANG_ENABLE_OBJC_ARC = YES;
				CLANG_ENABLE_OBJC_WEAK = YES;
				CLANG_WARN_BLOCK_CAPTURE_AUTORELEASING = YES;
				CLANG_WARN_BOOL_CONVERSION = YES;
				CLANG_WARN_COMMA = YES;
				CLANG_WARN_CONSTANT_CONVERSION = YES;
				CLANG_WARN_DEPRECATED_OBJC_IMPLEMENTATIONS = YES;
				CLANG_WARN_DIRECT_OBJC_ISA_USAGE = YES_ERROR;
				CLANG_WARN_DOCUMENTATION_COMMENTS = YES;
				CLANG_WARN_EMPTY_BODY = YES;
				CLANG_WARN_ENUM_CONVERSION = YES;
				CLANG_WARN_INFINITE_RECURSION = YES;
				CLANG_WARN_INT_CONVERSION = YES;
				CLANG_WARN_NON_LITERAL_NULL_CONVERSION = YES;
				CLANG_WARN_OBJC_IMPLICIT_RETAIN_SELF = YES;
				CLANG_WARN_OBJC_LITERAL_CONVERSION = YES;
				CLANG_WARN_OBJC_ROOT_CLASS = YES_ERROR;
				CLANG_WARN_QUOTED_INCLUDE_IN_FRAMEWORK_HEADER = YES;
				CLANG_WARN_RANGE_LOOP_ANALYSIS = YES;
				CLANG_WARN_STRICT_PROTOTYPES = YES;
				CLANG_WARN_SUSPICIOUS_MOVE = YES;
				CLANG_WARN_UNGUARDED_AVAILABILITY = YES_AGGRESSIVE;
				CLANG_WARN_UNREACHABLE_CODE = YES;
				CLANG_WARN__DUPLICATE_METHOD_MATCH = YES;
				COPY_PHASE_STRIP = NO;
				DEBUG_INFORMATION_FORMAT = "dwarf-with-dsym";
				ENABLE_NS_ASSERTIONS = NO;
				ENABLE_STRICT_OBJC_MSGSEND = YES;
				ENABLE_USER_SCRIPT_SANDBOXING = YES;
				GCC_C_LANGUAGE_STANDARD = gnu17;
				GCC_NO_COMMON_BLOCKS = YES;
				GCC_WARN_64_TO_32_BIT_CONVERSION = YES;
				GCC_WARN_ABOUT_RETURN_TYPE = YES_ERROR;
				GCC_WARN_UNDECLARED_SELECTOR = YES;
				GCC_WARN_UNINITIALIZED_AUTOS = YES_AGGRESSIVE;
				GCC_WARN_UNUSED_FUNCTION = YES;
				GCC_WARN_UNUSED_VARIABLE = YES;
				IPHONEOS_DEPLOYMENT_TARGET = 17.2;
				LOCALIZATION_PREFERS_STRING_CATALOGS = YES;
				MTL_ENABLE_DEBUG_INFO = NO;
				MTL_FAST_MATH = YES;
				SDKROOT = iphoneos;
				SWIFT_COMPILATION_MODE = wholemodule;
				VALIDATE_PRODUCT = YES;
			};
			name = Release;
		};
		FBA88E0D2BC9B7BE00F92A9A /* Debug */ = {
			isa = XCBuildConfiguration;
			buildSettings = {
				ASSETCATALOG_COMPILER_APPICON_NAME = AppIcon;
				ASSETCATALOG_COMPILER_GLOBAL_ACCENT_COLOR_NAME = AccentColor;
				CODE_SIGN_ENTITLEMENTS = BruinBuzz/BruinBuzz.entitlements;
				CODE_SIGN_STYLE = Automatic;
				CURRENT_PROJECT_VERSION = 1;
				DEVELOPMENT_ASSET_PATHS = "\"BruinBuzz/Preview Content\"";
				DEVELOPMENT_TEAM = J3ZJD8DYCF;
				ENABLE_PREVIEWS = YES;
				GENERATE_INFOPLIST_FILE = YES;
				INFOPLIST_FILE = BruinBuzz/Info.plist;
				INFOPLIST_KEY_LSApplicationCategoryType = "public.app-category.business";
				INFOPLIST_KEY_NSCameraUsageDescription = "";
				INFOPLIST_KEY_NSLocationAlwaysAndWhenInUseUsageDescription = "";
				INFOPLIST_KEY_UIApplicationSceneManifest_Generation = YES;
				INFOPLIST_KEY_UIApplicationSupportsIndirectInputEvents = YES;
				INFOPLIST_KEY_UILaunchScreen_Generation = YES;
				INFOPLIST_KEY_UISupportedInterfaceOrientations_iPad = "UIInterfaceOrientationPortrait UIInterfaceOrientationPortraitUpsideDown UIInterfaceOrientationLandscapeLeft UIInterfaceOrientationLandscapeRight";
				INFOPLIST_KEY_UISupportedInterfaceOrientations_iPhone = "UIInterfaceOrientationPortrait UIInterfaceOrientationLandscapeLeft UIInterfaceOrientationLandscapeRight";
				IPHONEOS_DEPLOYMENT_TARGET = 16.0;
				LD_RUNPATH_SEARCH_PATHS = (
					"$(inherited)",
					"@executable_path/Frameworks",
				);
				MARKETING_VERSION = 1.0;
				PRODUCT_BUNDLE_IDENTIFIER = io.CodeLab.BruinBuzz;
				PRODUCT_NAME = "$(TARGET_NAME)";
				SWIFT_EMIT_LOC_STRINGS = YES;
				SWIFT_VERSION = 5.0;
				TARGETED_DEVICE_FAMILY = "1,2";
			};
			name = Debug;
		};
		FBA88E0E2BC9B7BE00F92A9A /* Release */ = {
			isa = XCBuildConfiguration;
			buildSettings = {
				ASSETCATALOG_COMPILER_APPICON_NAME = AppIcon;
				ASSETCATALOG_COMPILER_GLOBAL_ACCENT_COLOR_NAME = AccentColor;
				CODE_SIGN_ENTITLEMENTS = BruinBuzz/BruinBuzz.entitlements;
				CODE_SIGN_STYLE = Automatic;
				CURRENT_PROJECT_VERSION = 1;
				DEVELOPMENT_ASSET_PATHS = "\"BruinBuzz/Preview Content\"";
				DEVELOPMENT_TEAM = J3ZJD8DYCF;
				ENABLE_PREVIEWS = YES;
				GENERATE_INFOPLIST_FILE = YES;
				INFOPLIST_FILE = BruinBuzz/Info.plist;
				INFOPLIST_KEY_LSApplicationCategoryType = "public.app-category.business";
				INFOPLIST_KEY_NSCameraUsageDescription = "";
				INFOPLIST_KEY_NSLocationAlwaysAndWhenInUseUsageDescription = "";
				INFOPLIST_KEY_UIApplicationSceneManifest_Generation = YES;
				INFOPLIST_KEY_UIApplicationSupportsIndirectInputEvents = YES;
				INFOPLIST_KEY_UILaunchScreen_Generation = YES;
				INFOPLIST_KEY_UISupportedInterfaceOrientations_iPad = "UIInterfaceOrientationPortrait UIInterfaceOrientationPortraitUpsideDown UIInterfaceOrientationLandscapeLeft UIInterfaceOrientationLandscapeRight";
				INFOPLIST_KEY_UISupportedInterfaceOrientations_iPhone = "UIInterfaceOrientationPortrait UIInterfaceOrientationLandscapeLeft UIInterfaceOrientationLandscapeRight";
				IPHONEOS_DEPLOYMENT_TARGET = 16.0;
				LD_RUNPATH_SEARCH_PATHS = (
					"$(inherited)",
					"@executable_path/Frameworks",
				);
				MARKETING_VERSION = 1.0;
				PRODUCT_BUNDLE_IDENTIFIER = io.CodeLab.BruinBuzz;
				PRODUCT_NAME = "$(TARGET_NAME)";
				SWIFT_EMIT_LOC_STRINGS = YES;
				SWIFT_VERSION = 5.0;
				TARGETED_DEVICE_FAMILY = "1,2";
			};
			name = Release;
		};
		FBA88E102BC9B7BE00F92A9A /* Debug */ = {
			isa = XCBuildConfiguration;
			buildSettings = {
				ALWAYS_EMBED_SWIFT_STANDARD_LIBRARIES = YES;
				BUNDLE_LOADER = "$(TEST_HOST)";
				CODE_SIGN_STYLE = Automatic;
				CURRENT_PROJECT_VERSION = 1;
				GENERATE_INFOPLIST_FILE = YES;
				IPHONEOS_DEPLOYMENT_TARGET = 17.2;
				MARKETING_VERSION = 1.0;
				PRODUCT_BUNDLE_IDENTIFIER = io.CodeLab.BruinBuzzTests;
				PRODUCT_NAME = "$(TARGET_NAME)";
				SWIFT_EMIT_LOC_STRINGS = NO;
				SWIFT_VERSION = 5.0;
				TARGETED_DEVICE_FAMILY = "1,2";
				TEST_HOST = "$(BUILT_PRODUCTS_DIR)/BruinBuzz.app/$(BUNDLE_EXECUTABLE_FOLDER_PATH)/BruinBuzz";
			};
			name = Debug;
		};
		FBA88E112BC9B7BE00F92A9A /* Release */ = {
			isa = XCBuildConfiguration;
			buildSettings = {
				ALWAYS_EMBED_SWIFT_STANDARD_LIBRARIES = YES;
				BUNDLE_LOADER = "$(TEST_HOST)";
				CODE_SIGN_STYLE = Automatic;
				CURRENT_PROJECT_VERSION = 1;
				GENERATE_INFOPLIST_FILE = YES;
				IPHONEOS_DEPLOYMENT_TARGET = 17.2;
				MARKETING_VERSION = 1.0;
				PRODUCT_BUNDLE_IDENTIFIER = io.CodeLab.BruinBuzzTests;
				PRODUCT_NAME = "$(TARGET_NAME)";
				SWIFT_EMIT_LOC_STRINGS = NO;
				SWIFT_VERSION = 5.0;
				TARGETED_DEVICE_FAMILY = "1,2";
				TEST_HOST = "$(BUILT_PRODUCTS_DIR)/BruinBuzz.app/$(BUNDLE_EXECUTABLE_FOLDER_PATH)/BruinBuzz";
			};
			name = Release;
		};
		FBA88E132BC9B7BE00F92A9A /* Debug */ = {
			isa = XCBuildConfiguration;
			buildSettings = {
				ALWAYS_EMBED_SWIFT_STANDARD_LIBRARIES = YES;
				CODE_SIGN_STYLE = Automatic;
				CURRENT_PROJECT_VERSION = 1;
				GENERATE_INFOPLIST_FILE = YES;
				MARKETING_VERSION = 1.0;
				PRODUCT_BUNDLE_IDENTIFIER = io.CodeLab.BruinBuzzUITests;
				PRODUCT_NAME = "$(TARGET_NAME)";
				SWIFT_EMIT_LOC_STRINGS = NO;
				SWIFT_VERSION = 5.0;
				TARGETED_DEVICE_FAMILY = "1,2";
				TEST_TARGET_NAME = BruinBuzz;
			};
			name = Debug;
		};
		FBA88E142BC9B7BE00F92A9A /* Release */ = {
			isa = XCBuildConfiguration;
			buildSettings = {
				ALWAYS_EMBED_SWIFT_STANDARD_LIBRARIES = YES;
				CODE_SIGN_STYLE = Automatic;
				CURRENT_PROJECT_VERSION = 1;
				GENERATE_INFOPLIST_FILE = YES;
				MARKETING_VERSION = 1.0;
				PRODUCT_BUNDLE_IDENTIFIER = io.CodeLab.BruinBuzzUITests;
				PRODUCT_NAME = "$(TARGET_NAME)";
				SWIFT_EMIT_LOC_STRINGS = NO;
				SWIFT_VERSION = 5.0;
				TARGETED_DEVICE_FAMILY = "1,2";
				TEST_TARGET_NAME = BruinBuzz;
			};
			name = Release;
		};
/* End XCBuildConfiguration section */

/* Begin XCConfigurationList section */
		FBA88DE32BC9B7BC00F92A9A /* Build configuration list for PBXProject "BruinBuzz" */ = {
			isa = XCConfigurationList;
			buildConfigurations = (
				FBA88E0A2BC9B7BE00F92A9A /* Debug */,
				FBA88E0B2BC9B7BE00F92A9A /* Release */,
			);
			defaultConfigurationIsVisible = 0;
			defaultConfigurationName = Release;
		};
		FBA88E0C2BC9B7BE00F92A9A /* Build configuration list for PBXNativeTarget "BruinBuzz" */ = {
			isa = XCConfigurationList;
			buildConfigurations = (
				FBA88E0D2BC9B7BE00F92A9A /* Debug */,
				FBA88E0E2BC9B7BE00F92A9A /* Release */,
			);
			defaultConfigurationIsVisible = 0;
			defaultConfigurationName = Release;
		};
		FBA88E0F2BC9B7BE00F92A9A /* Build configuration list for PBXNativeTarget "BruinBuzzTests" */ = {
			isa = XCConfigurationList;
			buildConfigurations = (
				FBA88E102BC9B7BE00F92A9A /* Debug */,
				FBA88E112BC9B7BE00F92A9A /* Release */,
			);
			defaultConfigurationIsVisible = 0;
			defaultConfigurationName = Release;
		};
		FBA88E122BC9B7BE00F92A9A /* Build configuration list for PBXNativeTarget "BruinBuzzUITests" */ = {
			isa = XCConfigurationList;
			buildConfigurations = (
				FBA88E132BC9B7BE00F92A9A /* Debug */,
				FBA88E142BC9B7BE00F92A9A /* Release */,
			);
			defaultConfigurationIsVisible = 0;
			defaultConfigurationName = Release;
		};
/* End XCConfigurationList section */

/* Begin XCRemoteSwiftPackageReference section */
		368549D52BE05F92000D9A6B /* XCRemoteSwiftPackageReference "Kingfisher" */ = {
			isa = XCRemoteSwiftPackageReference;
			repositoryURL = "https://github.com/onevcat/Kingfisher.git";
			requirement = {
				kind = upToNextMajorVersion;
				minimumVersion = 7.11.0;
			};
		};
		36FA17F72BD608E800586641 /* XCRemoteSwiftPackageReference "firebase-ios-sdk" */ = {
			isa = XCRemoteSwiftPackageReference;
			repositoryURL = "https://github.com/firebase/firebase-ios-sdk";
			requirement = {
				kind = upToNextMajorVersion;
				minimumVersion = 10.24.0;
			};
		};
		FB33AD7A2BE9B1F8008CE113 /* XCRemoteSwiftPackageReference "stripe-ios-spm" */ = {
			isa = XCRemoteSwiftPackageReference;
			repositoryURL = "https://github.com/stripe/stripe-ios-spm";
			requirement = {
				kind = upToNextMajorVersion;
				minimumVersion = 23.27.2;
			};
		};
/* End XCRemoteSwiftPackageReference section */

/* Begin XCSwiftPackageProductDependency section */
		368549D62BE05F92000D9A6B /* Kingfisher */ = {
			isa = XCSwiftPackageProductDependency;
			package = 368549D52BE05F92000D9A6B /* XCRemoteSwiftPackageReference "Kingfisher" */;
			productName = Kingfisher;
		};
		36FA17F82BD608E800586641 /* FirebaseAuth */ = {
			isa = XCSwiftPackageProductDependency;
			package = 36FA17F72BD608E800586641 /* XCRemoteSwiftPackageReference "firebase-ios-sdk" */;
			productName = FirebaseAuth;
		};
		36FA17FA2BD608E800586641 /* FirebaseFirestore */ = {
			isa = XCSwiftPackageProductDependency;
			package = 36FA17F72BD608E800586641 /* XCRemoteSwiftPackageReference "firebase-ios-sdk" */;
			productName = FirebaseFirestore;
		};
		36FA17FC2BD608E800586641 /* FirebaseFirestoreSwift */ = {
			isa = XCSwiftPackageProductDependency;
			package = 36FA17F72BD608E800586641 /* XCRemoteSwiftPackageReference "firebase-ios-sdk" */;
			productName = FirebaseFirestoreSwift;
		};
		36FA17FE2BD608E800586641 /* FirebaseStorage */ = {
			isa = XCSwiftPackageProductDependency;
			package = 36FA17F72BD608E800586641 /* XCRemoteSwiftPackageReference "firebase-ios-sdk" */;
			productName = FirebaseStorage;
		};
		FB33AD7B2BE9B1F8008CE113 /* Stripe */ = {
			isa = XCSwiftPackageProductDependency;
			package = FB33AD7A2BE9B1F8008CE113 /* XCRemoteSwiftPackageReference "stripe-ios-spm" */;
			productName = Stripe;
		};
		FB673C092BE2FB09002BF176 /* FirebaseAnalytics */ = {
			isa = XCSwiftPackageProductDependency;
			productName = FirebaseAnalytics;
		};
		FB673C0B2BE2FB09002BF176 /* FirebaseAnalyticsOnDeviceConversion */ = {
			isa = XCSwiftPackageProductDependency;
			productName = FirebaseAnalyticsOnDeviceConversion;
		};
		FB673C0D2BE2FB09002BF176 /* FirebaseAnalyticsSwift */ = {
			isa = XCSwiftPackageProductDependency;
			productName = FirebaseAnalyticsSwift;
		};
		FB673C0F2BE2FB09002BF176 /* FirebaseAnalyticsWithoutAdIdSupport */ = {
			isa = XCSwiftPackageProductDependency;
			productName = FirebaseAnalyticsWithoutAdIdSupport;
		};
		FB673C112BE2FB09002BF176 /* FirebaseAppCheck */ = {
			isa = XCSwiftPackageProductDependency;
			productName = FirebaseAppCheck;
		};
/* End XCSwiftPackageProductDependency section */
	};
	rootObject = FBA88DE02BC9B7BC00F92A9A /* Project object */;
}
